
Microsoft Visual Studio Solution File, Format Version 12.00
# Visual Studio Version 16
VisualStudioVersion = 16.0.29926.136
MinimumVisualStudioVersion = 10.0.40219.1
Project("{9A19103F-16F7-4668-BE54-9A1E7A4F7556}") = "TaxiCommon", "TaxiCommon\TaxiCommon.csproj", "{8A2FD737-14D0-4FE7-BFE5-E452FBC0BED6}"
EndProject
Project("{9A19103F-16F7-4668-BE54-9A1E7A4F7556}") = "Taxi.Web", "Taxi.Web\Taxi.Web.csproj", "{AFD42DF9-A1F9-4BFD-BC88-6E28CAB55139}"
EndProject
Project("{FAE04EC0-301F-11D3-BF4B-00C04F79EFBC}") = "Taxi.Prism", "Taxi.Prism\Taxi.Prism\Taxi.Prism.csproj", "{5CD1D841-E952-4DD1-A961-95E9CC69139C}"
EndProject
Project("{FAE04EC0-301F-11D3-BF4B-00C04F79EFBC}") = "Taxi.Prism.Android", "Taxi.Prism\Taxi.Prism.Android\Taxi.Prism.Android.csproj", "{173D6EE8-0423-4D9B-95CD-F212648F053B}"
EndProject
Project("{FAE04EC0-301F-11D3-BF4B-00C04F79EFBC}") = "Taxi.Prism.iOS", "Taxi.Prism\Taxi.Prism.iOS\Taxi.Prism.iOS.csproj", "{4B7FC731-9A44-4530-8B2A-29D64D1758A2}"
EndProject
Project("{FAE04EC0-301F-11D3-BF4B-00C04F79EFBC}") = "Taxi.Cross.Androind", "Taxi.Cross.Androind\Taxi.Cross.Androind.csproj", "{273F4713-896B-4F19-9B86-0648B48C6C4C}"
EndProject
Global
	GlobalSection(SolutionConfigurationPlatforms) = preSolution
		Ad-Hoc|Any CPU = Ad-Hoc|Any CPU
		Ad-Hoc|iPhone = Ad-Hoc|iPhone
		Ad-Hoc|iPhoneSimulator = Ad-Hoc|iPhoneSimulator
		AppStore|Any CPU = AppStore|Any CPU
		AppStore|iPhone = AppStore|iPhone
		AppStore|iPhoneSimulator = AppStore|iPhoneSimulator
		Debug|Any CPU = Debug|Any CPU
		Debug|iPhone = Debug|iPhone
		Debug|iPhoneSimulator = Debug|iPhoneSimulator
		Release|Any CPU = Release|Any CPU
		Release|iPhone = Release|iPhone
		Release|iPhoneSimulator = Release|iPhoneSimulator
	EndGlobalSection
	GlobalSection(ProjectConfigurationPlatforms) = postSolution
		{8A2FD737-14D0-4FE7-BFE5-E452FBC0BED6}.Ad-Hoc|Any CPU.ActiveCfg = Release|Any CPU
		{8A2FD737-14D0-4FE7-BFE5-E452FBC0BED6}.Ad-Hoc|Any CPU.Build.0 = Release|Any CPU
		{8A2FD737-14D0-4FE7-BFE5-E452FBC0BED6}.Ad-Hoc|iPhone.ActiveCfg = Release|Any CPU
		{8A2FD737-14D0-4FE7-BFE5-E452FBC0BED6}.Ad-Hoc|iPhone.Build.0 = Release|Any CPU
		{8A2FD737-14D0-4FE7-BFE5-E452FBC0BED6}.Ad-Hoc|iPhoneSimulator.ActiveCfg = Release|Any CPU
		{8A2FD737-14D0-4FE7-BFE5-E452FBC0BED6}.Ad-Hoc|iPhoneSimulator.Build.0 = Release|Any CPU
		{8A2FD737-14D0-4FE7-BFE5-E452FBC0BED6}.AppStore|Any CPU.ActiveCfg = Release|Any CPU
		{8A2FD737-14D0-4FE7-BFE5-E452FBC0BED6}.AppStore|Any CPU.Build.0 = Release|Any CPU
		{8A2FD737-14D0-4FE7-BFE5-E452FBC0BED6}.AppStore|iPhone.ActiveCfg = Release|Any CPU
		{8A2FD737-14D0-4FE7-BFE5-E452FBC0BED6}.AppStore|iPhone.Build.0 = Release|Any CPU
		{8A2FD737-14D0-4FE7-BFE5-E452FBC0BED6}.AppStore|iPhoneSimulator.ActiveCfg = Release|Any CPU
		{8A2FD737-14D0-4FE7-BFE5-E452FBC0BED6}.AppStore|iPhoneSimulator.Build.0 = Release|Any CPU
		{8A2FD737-14D0-4FE7-BFE5-E452FBC0BED6}.Debug|Any CPU.ActiveCfg = Debug|Any CPU
		{8A2FD737-14D0-4FE7-BFE5-E452FBC0BED6}.Debug|Any CPU.Build.0 = Debug|Any CPU
		{8A2FD737-14D0-4FE7-BFE5-E452FBC0BED6}.Debug|iPhone.ActiveCfg = Debug|Any CPU
		{8A2FD737-14D0-4FE7-BFE5-E452FBC0BED6}.Debug|iPhone.Build.0 = Debug|Any CPU
		{8A2FD737-14D0-4FE7-BFE5-E452FBC0BED6}.Debug|iPhoneSimulator.ActiveCfg = Debug|Any CPU
		{8A2FD737-14D0-4FE7-BFE5-E452FBC0BED6}.Debug|iPhoneSimulator.Build.0 = Debug|Any CPU
		{8A2FD737-14D0-4FE7-BFE5-E452FBC0BED6}.Release|Any CPU.ActiveCfg = Release|Any CPU
		{8A2FD737-14D0-4FE7-BFE5-E452FBC0BED6}.Release|Any CPU.Build.0 = Release|Any CPU
		{8A2FD737-14D0-4FE7-BFE5-E452FBC0BED6}.Release|iPhone.ActiveCfg = Release|Any CPU
		{8A2FD737-14D0-4FE7-BFE5-E452FBC0BED6}.Release|iPhone.Build.0 = Release|Any CPU
		{8A2FD737-14D0-4FE7-BFE5-E452FBC0BED6}.Release|iPhoneSimulator.ActiveCfg = Release|Any CPU
		{8A2FD737-14D0-4FE7-BFE5-E452FBC0BED6}.Release|iPhoneSimulator.Build.0 = Release|Any CPU
		{AFD42DF9-A1F9-4BFD-BC88-6E28CAB55139}.Ad-Hoc|Any CPU.ActiveCfg = Release|Any CPU
		{AFD42DF9-A1F9-4BFD-BC88-6E28CAB55139}.Ad-Hoc|Any CPU.Build.0 = Release|Any CPU
		{AFD42DF9-A1F9-4BFD-BC88-6E28CAB55139}.Ad-Hoc|iPhone.ActiveCfg = Release|Any CPU
		{AFD42DF9-A1F9-4BFD-BC88-6E28CAB55139}.Ad-Hoc|iPhone.Build.0 = Release|Any CPU
		{AFD42DF9-A1F9-4BFD-BC88-6E28CAB55139}.Ad-Hoc|iPhoneSimulator.ActiveCfg = Release|Any CPU
		{AFD42DF9-A1F9-4BFD-BC88-6E28CAB55139}.Ad-Hoc|iPhoneSimulator.Build.0 = Release|Any CPU
		{AFD42DF9-A1F9-4BFD-BC88-6E28CAB55139}.AppStore|Any CPU.ActiveCfg = Release|Any CPU
		{AFD42DF9-A1F9-4BFD-BC88-6E28CAB55139}.AppStore|Any CPU.Build.0 = Release|Any CPU
		{AFD42DF9-A1F9-4BFD-BC88-6E28CAB55139}.AppStore|iPhone.ActiveCfg = Release|Any CPU
		{AFD42DF9-A1F9-4BFD-BC88-6E28CAB55139}.AppStore|iPhone.Build.0 = Release|Any CPU
		{AFD42DF9-A1F9-4BFD-BC88-6E28CAB55139}.AppStore|iPhoneSimulator.ActiveCfg = Release|Any CPU
		{AFD42DF9-A1F9-4BFD-BC88-6E28CAB55139}.AppStore|iPhoneSimulator.Build.0 = Release|Any CPU
		{AFD42DF9-A1F9-4BFD-BC88-6E28CAB55139}.Debug|Any CPU.ActiveCfg = Debug|Any CPU
		{AFD42DF9-A1F9-4BFD-BC88-6E28CAB55139}.Debug|Any CPU.Build.0 = Debug|Any CPU
		{AFD42DF9-A1F9-4BFD-BC88-6E28CAB55139}.Debug|iPhone.ActiveCfg = Debug|Any CPU
		{AFD42DF9-A1F9-4BFD-BC88-6E28CAB55139}.Debug|iPhone.Build.0 = Debug|Any CPU
		{AFD42DF9-A1F9-4BFD-BC88-6E28CAB55139}.Debug|iPhoneSimulator.ActiveCfg = Debug|Any CPU
		{AFD42DF9-A1F9-4BFD-BC88-6E28CAB55139}.Debug|iPhoneSimulator.Build.0 = Debug|Any CPU
		{AFD42DF9-A1F9-4BFD-BC88-6E28CAB55139}.Release|Any CPU.ActiveCfg = Release|Any CPU
		{AFD42DF9-A1F9-4BFD-BC88-6E28CAB55139}.Release|Any CPU.Build.0 = Release|Any CPU
		{AFD42DF9-A1F9-4BFD-BC88-6E28CAB55139}.Release|iPhone.ActiveCfg = Release|Any CPU
		{AFD42DF9-A1F9-4BFD-BC88-6E28CAB55139}.Release|iPhone.Build.0 = Release|Any CPU
		{AFD42DF9-A1F9-4BFD-BC88-6E28CAB55139}.Release|iPhoneSimulator.ActiveCfg = Release|Any CPU
		{AFD42DF9-A1F9-4BFD-BC88-6E28CAB55139}.Release|iPhoneSimulator.Build.0 = Release|Any CPU
		{5CD1D841-E952-4DD1-A961-95E9CC69139C}.Ad-Hoc|Any CPU.ActiveCfg = Debug|Any CPU
		{5CD1D841-E952-4DD1-A961-95E9CC69139C}.Ad-Hoc|Any CPU.Build.0 = Debug|Any CPU
		{5CD1D841-E952-4DD1-A961-95E9CC69139C}.Ad-Hoc|iPhone.ActiveCfg = Debug|Any CPU
		{5CD1D841-E952-4DD1-A961-95E9CC69139C}.Ad-Hoc|iPhone.Build.0 = Debug|Any CPU
		{5CD1D841-E952-4DD1-A961-95E9CC69139C}.Ad-Hoc|iPhoneSimulator.ActiveCfg = Debug|Any CPU
		{5CD1D841-E952-4DD1-A961-95E9CC69139C}.Ad-Hoc|iPhoneSimulator.Build.0 = Debug|Any CPU
		{5CD1D841-E952-4DD1-A961-95E9CC69139C}.AppStore|Any CPU.ActiveCfg = Debug|Any CPU
		{5CD1D841-E952-4DD1-A961-95E9CC69139C}.AppStore|Any CPU.Build.0 = Debug|Any CPU
		{5CD1D841-E952-4DD1-A961-95E9CC69139C}.AppStore|iPhone.ActiveCfg = Debug|Any CPU
		{5CD1D841-E952-4DD1-A961-95E9CC69139C}.AppStore|iPhone.Build.0 = Debug|Any CPU
		{5CD1D841-E952-4DD1-A961-95E9CC69139C}.AppStore|iPhoneSimulator.ActiveCfg = Debug|Any CPU
		{5CD1D841-E952-4DD1-A961-95E9CC69139C}.AppStore|iPhoneSimulator.Build.0 = Debug|Any CPU
		{5CD1D841-E952-4DD1-A961-95E9CC69139C}.Debug|Any CPU.ActiveCfg = Debug|Any CPU
		{5CD1D841-E952-4DD1-A961-95E9CC69139C}.Debug|Any CPU.Build.0 = Debug|Any CPU
		{5CD1D841-E952-4DD1-A961-95E9CC69139C}.Debug|iPhone.ActiveCfg = Debug|Any CPU
		{5CD1D841-E952-4DD1-A961-95E9CC69139C}.Debug|iPhone.Build.0 = Debug|Any CPU
		{5CD1D841-E952-4DD1-A961-95E9CC69139C}.Debug|iPhoneSimulator.ActiveCfg = Debug|Any CPU
		{5CD1D841-E952-4DD1-A961-95E9CC69139C}.Debug|iPhoneSimulator.Build.0 = Debug|Any CPU
		{5CD1D841-E952-4DD1-A961-95E9CC69139C}.Release|Any CPU.ActiveCfg = Release|Any CPU
		{5CD1D841-E952-4DD1-A961-95E9CC69139C}.Release|Any CPU.Build.0 = Release|Any CPU
		{5CD1D841-E952-4DD1-A961-95E9CC69139C}.Release|iPhone.ActiveCfg = Release|Any CPU
		{5CD1D841-E952-4DD1-A961-95E9CC69139C}.Release|iPhone.Build.0 = Release|Any CPU
		{5CD1D841-E952-4DD1-A961-95E9CC69139C}.Release|iPhoneSimulator.ActiveCfg = Release|Any CPU
		{5CD1D841-E952-4DD1-A961-95E9CC69139C}.Release|iPhoneSimulator.Build.0 = Release|Any CPU
		{173D6EE8-0423-4D9B-95CD-F212648F053B}.Ad-Hoc|Any CPU.ActiveCfg = Release|Any CPU
		{173D6EE8-0423-4D9B-95CD-F212648F053B}.Ad-Hoc|Any CPU.Build.0 = Release|Any CPU
		{173D6EE8-0423-4D9B-95CD-F212648F053B}.Ad-Hoc|Any CPU.Deploy.0 = Release|Any CPU
		{173D6EE8-0423-4D9B-95CD-F212648F053B}.Ad-Hoc|iPhone.ActiveCfg = Release|Any CPU
		{173D6EE8-0423-4D9B-95CD-F212648F053B}.Ad-Hoc|iPhone.Build.0 = Release|Any CPU
		{173D6EE8-0423-4D9B-95CD-F212648F053B}.Ad-Hoc|iPhone.Deploy.0 = Release|Any CPU
		{173D6EE8-0423-4D9B-95CD-F212648F053B}.Ad-Hoc|iPhoneSimulator.ActiveCfg = Release|Any CPU
		{173D6EE8-0423-4D9B-95CD-F212648F053B}.Ad-Hoc|iPhoneSimulator.Build.0 = Release|Any CPU
		{173D6EE8-0423-4D9B-95CD-F212648F053B}.Ad-Hoc|iPhoneSimulator.Deploy.0 = Release|Any CPU
		{173D6EE8-0423-4D9B-95CD-F212648F053B}.AppStore|Any CPU.ActiveCfg = Release|Any CPU
		{173D6EE8-0423-4D9B-95CD-F212648F053B}.AppStore|Any CPU.Build.0 = Release|Any CPU
		{173D6EE8-0423-4D9B-95CD-F212648F053B}.AppStore|Any CPU.Deploy.0 = Release|Any CPU
		{173D6EE8-0423-4D9B-95CD-F212648F053B}.AppStore|iPhone.ActiveCfg = Release|Any CPU
		{173D6EE8-0423-4D9B-95CD-F212648F053B}.AppStore|iPhone.Build.0 = Release|Any CPU
		{173D6EE8-0423-4D9B-95CD-F212648F053B}.AppStore|iPhone.Deploy.0 = Release|Any CPU
		{173D6EE8-0423-4D9B-95CD-F212648F053B}.AppStore|iPhoneSimulator.ActiveCfg = Release|Any CPU
		{173D6EE8-0423-4D9B-95CD-F212648F053B}.AppStore|iPhoneSimulator.Build.0 = Release|Any CPU
		{173D6EE8-0423-4D9B-95CD-F212648F053B}.AppStore|iPhoneSimulator.Deploy.0 = Release|Any CPU
		{173D6EE8-0423-4D9B-95CD-F212648F053B}.Debug|Any CPU.ActiveCfg = Debug|Any CPU
		{173D6EE8-0423-4D9B-95CD-F212648F053B}.Debug|Any CPU.Build.0 = Debug|Any CPU
		{173D6EE8-0423-4D9B-95CD-F212648F053B}.Debug|Any CPU.Deploy.0 = Debug|Any CPU
		{173D6EE8-0423-4D9B-95CD-F212648F053B}.Debug|iPhone.ActiveCfg = Debug|Any CPU
		{173D6EE8-0423-4D9B-95CD-F212648F053B}.Debug|iPhone.Build.0 = Debug|Any CPU
		{173D6EE8-0423-4D9B-95CD-F212648F053B}.Debug|iPhone.Deploy.0 = Debug|Any CPU
		{173D6EE8-0423-4D9B-95CD-F212648F053B}.Debug|iPhoneSimulator.ActiveCfg = Debug|Any CPU
		{173D6EE8-0423-4D9B-95CD-F212648F053B}.Debug|iPhoneSimulator.Build.0 = Debug|Any CPU
		{173D6EE8-0423-4D9B-95CD-F212648F053B}.Debug|iPhoneSimulator.Deploy.0 = Debug|Any CPU
		{173D6EE8-0423-4D9B-95CD-F212648F053B}.Release|Any CPU.ActiveCfg = Release|Any CPU
		{173D6EE8-0423-4D9B-95CD-F212648F053B}.Release|Any CPU.Build.0 = Release|Any CPU
		{173D6EE8-0423-4D9B-95CD-F212648F053B}.Release|Any CPU.Deploy.0 = Release|Any CPU
		{173D6EE8-0423-4D9B-95CD-F212648F053B}.Release|iPhone.ActiveCfg = Release|Any CPU
		{173D6EE8-0423-4D9B-95CD-F212648F053B}.Release|iPhone.Build.0 = Release|Any CPU
		{173D6EE8-0423-4D9B-95CD-F212648F053B}.Release|iPhone.Deploy.0 = Release|Any CPU
		{173D6EE8-0423-4D9B-95CD-F212648F053B}.Release|iPhoneSimulator.ActiveCfg = Release|Any CPU
		{173D6EE8-0423-4D9B-95CD-F212648F053B}.Release|iPhoneSimulator.Build.0 = Release|Any CPU
		{173D6EE8-0423-4D9B-95CD-F212648F053B}.Release|iPhoneSimulator.Deploy.0 = Release|Any CPU
		{4B7FC731-9A44-4530-8B2A-29D64D1758A2}.Ad-Hoc|Any CPU.ActiveCfg = Ad-Hoc|iPhone
		{4B7FC731-9A44-4530-8B2A-29D64D1758A2}.Ad-Hoc|iPhone.ActiveCfg = Ad-Hoc|iPhone
		{4B7FC731-9A44-4530-8B2A-29D64D1758A2}.Ad-Hoc|iPhone.Build.0 = Ad-Hoc|iPhone
		{4B7FC731-9A44-4530-8B2A-29D64D1758A2}.Ad-Hoc|iPhoneSimulator.ActiveCfg = Ad-Hoc|iPhoneSimulator
		{4B7FC731-9A44-4530-8B2A-29D64D1758A2}.Ad-Hoc|iPhoneSimulator.Build.0 = Ad-Hoc|iPhoneSimulator
		{4B7FC731-9A44-4530-8B2A-29D64D1758A2}.AppStore|Any CPU.ActiveCfg = AppStore|iPhone
		{4B7FC731-9A44-4530-8B2A-29D64D1758A2}.AppStore|iPhone.ActiveCfg = AppStore|iPhone
		{4B7FC731-9A44-4530-8B2A-29D64D1758A2}.AppStore|iPhone.Build.0 = AppStore|iPhone
		{4B7FC731-9A44-4530-8B2A-29D64D1758A2}.AppStore|iPhoneSimulator.ActiveCfg = AppStore|iPhoneSimulator
		{4B7FC731-9A44-4530-8B2A-29D64D1758A2}.AppStore|iPhoneSimulator.Build.0 = AppStore|iPhoneSimulator
		{4B7FC731-9A44-4530-8B2A-29D64D1758A2}.Debug|Any CPU.ActiveCfg = Debug|iPhone
		{4B7FC731-9A44-4530-8B2A-29D64D1758A2}.Debug|iPhone.ActiveCfg = Debug|iPhone
		{4B7FC731-9A44-4530-8B2A-29D64D1758A2}.Debug|iPhone.Build.0 = Debug|iPhone
		{4B7FC731-9A44-4530-8B2A-29D64D1758A2}.Debug|iPhoneSimulator.ActiveCfg = Debug|iPhoneSimulator
		{4B7FC731-9A44-4530-8B2A-29D64D1758A2}.Debug|iPhoneSimulator.Build.0 = Debug|iPhoneSimulator
		{4B7FC731-9A44-4530-8B2A-29D64D1758A2}.Release|Any CPU.ActiveCfg = Release|iPhone
		{4B7FC731-9A44-4530-8B2A-29D64D1758A2}.Release|iPhone.ActiveCfg = Release|iPhone
		{4B7FC731-9A44-4530-8B2A-29D64D1758A2}.Release|iPhone.Build.0 = Release|iPhone
		{4B7FC731-9A44-4530-8B2A-29D64D1758A2}.Release|iPhoneSimulator.ActiveCfg = Release|iPhoneSimulator
		{4B7FC731-9A44-4530-8B2A-29D64D1758A2}.Release|iPhoneSimulator.Build.0 = Release|iPhoneSimulator
		{273F4713-896B-4F19-9B86-0648B48C6C4C}.Ad-Hoc|Any CPU.ActiveCfg = Release|Any CPU
		{273F4713-896B-4F19-9B86-0648B48C6C4C}.Ad-Hoc|Any CPU.Build.0 = Release|Any CPU
		{273F4713-896B-4F19-9B86-0648B48C6C4C}.Ad-Hoc|Any CPU.Deploy.0 = Release|Any CPU
		{273F4713-896B-4F19-9B86-0648B48C6C4C}.Ad-Hoc|iPhone.ActiveCfg = Release|Any CPU
		{273F4713-896B-4F19-9B86-0648B48C6C4C}.Ad-Hoc|iPhone.Build.0 = Release|Any CPU
		{273F4713-896B-4F19-9B86-0648B48C6C4C}.Ad-Hoc|iPhone.Deploy.0 = Release|Any CPU
		{273F4713-896B-4F19-9B86-0648B48C6C4C}.Ad-Hoc|iPhoneSimulator.ActiveCfg = Release|Any CPU
		{273F4713-896B-4F19-9B86-0648B48C6C4C}.Ad-Hoc|iPhoneSimulator.Build.0 = Release|Any CPU
		{273F4713-896B-4F19-9B86-0648B48C6C4C}.Ad-Hoc|iPhoneSimulator.Deploy.0 = Release|Any CPU
		{273F4713-896B-4F19-9B86-0648B48C6C4C}.AppStore|Any CPU.ActiveCfg = Release|Any CPU
		{273F4713-896B-4F19-9B86-0648B48C6C4C}.AppStore|Any CPU.Build.0 = Release|Any CPU
		{273F4713-896B-4F19-9B86-0648B48C6C4C}.AppStore|Any CPU.Deploy.0 = Release|Any CPU
		{273F4713-896B-4F19-9B86-0648B48C6C4C}.AppStore|iPhone.ActiveCfg = Release|Any CPU
		{273F4713-896B-4F19-9B86-0648B48C6C4C}.AppStore|iPhone.Build.0 = Release|Any CPU
		{273F4713-896B-4F19-9B86-0648B48C6C4C}.AppStore|iPhone.Deploy.0 = Release|Any CPU
		{273F4713-896B-4F19-9B86-0648B48C6C4C}.AppStore|iPhoneSimulator.ActiveCfg = Release|Any CPU
		{273F4713-896B-4F19-9B86-0648B48C6C4C}.AppStore|iPhoneSimulator.Build.0 = Release|Any CPU
		{273F4713-896B-4F19-9B86-0648B48C6C4C}.AppStore|iPhoneSimulator.Deploy.0 = Release|Any CPU
		{273F4713-896B-4F19-9B86-0648B48C6C4C}.Debug|Any CPU.ActiveCfg = Debug|Any CPU
		{273F4713-896B-4F19-9B86-0648B48C6C4C}.Debug|Any CPU.Build.0 = Debug|Any CPU
		{273F4713-896B-4F19-9B86-0648B48C6C4C}.Debug|Any CPU.Deploy.0 = Debug|Any CPU
		{273F4713-896B-4F19-9B86-0648B48C6C4C}.Debug|iPhone.ActiveCfg = Debug|Any CPU
		{273F4713-896B-4F19-9B86-0648B48C6C4C}.Debug|iPhone.Build.0 = Debug|Any CPU
		{273F4713-896B-4F19-9B86-0648B48C6C4C}.Debug|iPhone.Deploy.0 = Debug|Any CPU
		{273F4713-896B-4F19-9B86-0648B48C6C4C}.Debug|iPhoneSimulator.ActiveCfg = Debug|Any CPU
		{273F4713-896B-4F19-9B86-0648B48C6C4C}.Debug|iPhoneSimulator.Build.0 = Debug|Any CPU
		{273F4713-896B-4F19-9B86-0648B48C6C4C}.Debug|iPhoneSimulator.Deploy.0 = Debug|Any CPU
		{273F4713-896B-4F19-9B86-0648B48C6C4C}.Release|Any CPU.ActiveCfg = Release|Any CPU
		{273F4713-896B-4F19-9B86-0648B48C6C4C}.Release|Any CPU.Build.0 = Release|Any CPU
		{273F4713-896B-4F19-9B86-0648B48C6C4C}.Release|Any CPU.Deploy.0 = Release|Any CPU
		{273F4713-896B-4F19-9B86-0648B48C6C4C}.Release|iPhone.ActiveCfg = Release|Any CPU
		{273F4713-896B-4F19-9B86-0648B48C6C4C}.Release|iPhone.Build.0 = Release|Any CPU
		{273F4713-896B-4F19-9B86-0648B48C6C4C}.Release|iPhone.Deploy.0 = Release|Any CPU
		{273F4713-896B-4F19-9B86-0648B48C6C4C}.Release|iPhoneSimulator.ActiveCfg = Release|Any CPU
		{273F4713-896B-4F19-9B86-0648B48C6C4C}.Release|iPhoneSimulator.Build.0 = Release|Any CPU
		{273F4713-896B-4F19-9B86-0648B48C6C4C}.Release|iPhoneSimulator.Deploy.0 = Release|Any CPU
	EndGlobalSection
	GlobalSection(SolutionProperties) = preSolution
		HideSolutionNode = FALSE
	EndGlobalSection
	GlobalSection(ExtensibilityGlobals) = postSolution
		SolutionGuid = {BE7972AC-68A7-4DD9-8F8F-BA32883979D6}
	EndGlobalSection
EndGlobal
